# @generated by Move, please check-in and do not edit manually.

[move]
version = 3
manifest_digest = "A4163EB127412D492B7ECB0BF58D4C9CBAC14E895EC38CC0AECE6DCEA1CB6849"
deps_digest = "F8BBB0CCB2491CA29A3DF03D6F92277A4F3574266507ACD77214D37ECA3F3082"
dependencies = [
  { id = "Sui", name = "Sui" },
]

[[move.package]]
id = "MoveStdlib"
source = { git = "https://github.com/MystenLabs/sui.git", rev = "framework/testnet", subdir = "crates\\sui-framework\\packages\\move-stdlib" }

[[move.package]]
id = "Sui"
source = { git = "https://github.com/MystenLabs/sui.git", rev = "framework/testnet", subdir = "crates/sui-framework/packages/sui-framework" }

dependencies = [
  { id = "MoveStdlib", name = "MoveStdlib" },
]

[move.toolchain-version]
compiler-version = "1.62.0"
edition = "2024"
flavor = "sui"

[env]

[env.testnet]
chain-id = "4c78adac"
original-published-id = "0x4851ccf3f8011ba3033e8302af6c2583e364fc42a2e843939b14396635b58b72"
latest-published-id = "0x4851ccf3f8011ba3033e8302af6c2583e364fc42a2e843939b14396635b58b72"
published-version = "1"
